
Microsoft Visual Studio Solution File, Format Version 12.00
# Visual Studio Version 16
VisualStudioVersion = 16.0.30611.23
MinimumVisualStudioVersion = 10.0.40219.1
Project("{FAE04EC0-301F-11D3-BF4B-00C04F79EFBC}") = "StajProjesi", "StajProjesi.csproj", "{3D427459-C378-43C7-A6F3-FB3E0FE28495}"
EndProject
Global
	GlobalSection(SolutionConfigurationPlatforms) = preSolution
		Debug|Any CPU = Debug|Any CPU
		Release|Any CPU = Release|Any CPU
	EndGlobalSection
	GlobalSection(ProjectConfigurationPlatforms) = postSolution
		{3D427459-C378-43C7-A6F3-FB3E0FE28495}.Debug|Any CPU.ActiveCfg = Debug|Any CPU
		{3D427459-C378-43C7-A6F3-FB3E0FE28495}.Debug|Any CPU.Build.0 = Debug|Any CPU
		{3D427459-C378-43C7-A6F3-FB3E0FE28495}.Release|Any CPU.ActiveCfg = Release|Any CPU
		{3D427459-C378-43C7-A6F3-FB3E0FE28495}.Release|Any CPU.Build.0 = Release|Any CPU
	EndGlobalSection
	GlobalSection(SolutionProperties) = preSolution
		HideSolutionNode = FALSE
	EndGlobalSection
	GlobalSection(ExtensibilityGlobals) = postSolution
		SolutionGuid = {BB1109E4-C4D9-4C4E-A548-5352076DEF2F}
	EndGlobalSection
EndGlobal
